{
  "requires": true,
  "lockfileVersion": 1,
  "dependencies": {
    "svelte-loading-spinners": {
      "version": "0.1.7",
      "resolved": "https://registry.npmjs.org/svelte-loading-spinners/-/svelte-loading-spinners-0.1.7.tgz",
      "integrity": "sha512-EKCId1DjVL2RSUVJJsvtNcqQHox03XIgh4xh/4p7r6ST7d8mut6INY9/LqK4A17PFU64+3quZmqiSfOlf480CA==",
      "dev": true
    },
    "tinro": {
      "version": "0.6.10",
      "resolved": "https://registry.npmjs.org/tinro/-/tinro-0.6.10.tgz",
      "integrity": "sha512-bWWiHwj3rlEaqfcltBkIbEkHOG6sECkCHxCnD/TUWHyoNEDDOfhY3sinf75HPcWnNVnreBOFJJQd3IEqEJfHGg=="
    }
  }
}
