{
  "requires": true,
  "lockfileVersion": 1,
  "dependencies": {
    "tinro": {
      "version": "0.6.10",
      "resolved": "https://registry.npmjs.org/tinro/-/tinro-0.6.10.tgz",
      "integrity": "sha512-bWWiHwj3rlEaqfcltBkIbEkHOG6sECkCHxCnD/TUWHyoNEDDOfhY3sinf75HPcWnNVnreBOFJJQd3IEqEJfHGg=="
    }
  }
}
